{
  "name": "personal_portfolio",
  "version": "1.0.0",
  "description": "This is a directory containing all web applications made for my personal web development portfolio.",
  "main": "index.js",
  "scripts": {
    "test": "echo \"Error: no test specified\" && exit 1"
  },
  "repository": {
    "type": "git",
    "url": "git+https://github.com/maxjing97/Personal_Web_Development_Portfolio.git"
  },
  "author": "",
  "license": "ISC",
  "bugs": {
    "url": "https://github.com/maxjing97/Personal_Web_Development_Portfolio/issues"
  },
  "homepage": "https://github.com/maxjing97/Personal_Web_Development_Portfolio#readme"
}
